
Microsoft Visual Studio Solution File, Format Version 12.00
# Visual Studio Version 16
VisualStudioVersion = 16.0.29025.244
MinimumVisualStudioVersion = 10.0.40219.1
Project("{9A19103F-16F7-4668-BE54-9A1E7A4F7556}") = "MarsRoverKata", "MarsRoverKata\MarsRoverKata.csproj", "{9A6A77E2-1BFD-4B51-9301-2CCBA89E1610}"
	ProjectSection(ProjectDependencies) = postProject
		{ABA032AF-5E56-4AF6-B6A8-EBF122D4DBAC} = {ABA032AF-5E56-4AF6-B6A8-EBF122D4DBAC}
	EndProjectSection
EndProject
Project("{9A19103F-16F7-4668-BE54-9A1E7A4F7556}") = "RoverEngine", "RoverEngine\RoverEngine.csproj", "{ABA032AF-5E56-4AF6-B6A8-EBF122D4DBAC}"
EndProject
Project("{9A19103F-16F7-4668-BE54-9A1E7A4F7556}") = "MarsRoverKataTest", "MarsRoverKataTest\MarsRoverKataTest.csproj", "{83A92497-369C-4F79-B736-F6B66A44350D}"
EndProject
Global
	GlobalSection(SolutionConfigurationPlatforms) = preSolution
		Debug|Any CPU = Debug|Any CPU
		Release|Any CPU = Release|Any CPU
	EndGlobalSection
	GlobalSection(ProjectConfigurationPlatforms) = postSolution
		{9A6A77E2-1BFD-4B51-9301-2CCBA89E1610}.Debug|Any CPU.ActiveCfg = Debug|Any CPU
		{9A6A77E2-1BFD-4B51-9301-2CCBA89E1610}.Debug|Any CPU.Build.0 = Debug|Any CPU
		{9A6A77E2-1BFD-4B51-9301-2CCBA89E1610}.Release|Any CPU.ActiveCfg = Release|Any CPU
		{9A6A77E2-1BFD-4B51-9301-2CCBA89E1610}.Release|Any CPU.Build.0 = Release|Any CPU
		{ABA032AF-5E56-4AF6-B6A8-EBF122D4DBAC}.Debug|Any CPU.ActiveCfg = Debug|Any CPU
		{ABA032AF-5E56-4AF6-B6A8-EBF122D4DBAC}.Debug|Any CPU.Build.0 = Debug|Any CPU
		{ABA032AF-5E56-4AF6-B6A8-EBF122D4DBAC}.Release|Any CPU.ActiveCfg = Release|Any CPU
		{ABA032AF-5E56-4AF6-B6A8-EBF122D4DBAC}.Release|Any CPU.Build.0 = Release|Any CPU
		{83A92497-369C-4F79-B736-F6B66A44350D}.Debug|Any CPU.ActiveCfg = Debug|Any CPU
		{83A92497-369C-4F79-B736-F6B66A44350D}.Debug|Any CPU.Build.0 = Debug|Any CPU
		{83A92497-369C-4F79-B736-F6B66A44350D}.Release|Any CPU.ActiveCfg = Release|Any CPU
		{83A92497-369C-4F79-B736-F6B66A44350D}.Release|Any CPU.Build.0 = Release|Any CPU
	EndGlobalSection
	GlobalSection(SolutionProperties) = preSolution
		HideSolutionNode = FALSE
	EndGlobalSection
	GlobalSection(ExtensibilityGlobals) = postSolution
		SolutionGuid = {B502464F-A4D3-4071-BFBC-5C4FA9CF7B4B}
	EndGlobalSection
EndGlobal
